
Microsoft Visual Studio Solution File, Format Version 12.00
# Visual Studio Version 17
VisualStudioVersion = 17.1.32414.318
MinimumVisualStudioVersion = 10.0.40219.1
Project("{FAE04EC0-301F-11D3-BF4B-00C04F79EFBC}") = "PckStudio", "PCK-Studio\PckStudio.csproj", "{0ACAAEDE-93F5-4B5D-B8D7-A0C43359C0D6}"
EndProject
Project("{2150E333-8FDC-42A3-9474-1A3956D46DE8}") = "Vendor", "Vendor", "{FC87F3E5-B07E-4FFB-889F-66FA3A3CFCAA}"
EndProject
Project("{FAE04EC0-301F-11D3-BF4B-00C04F79EFBC}") = "OMI Filetype Library", "Vendor\OMI-Lib\OMI Filetypes Library\OMI Filetype Library.csproj", "{693AEBC1-293D-4DF0-BCAE-26A1099FE7BB}"
EndProject
Project("{FAE04EC0-301F-11D3-BF4B-00C04F79EFBC}") = "SharpMss32", "Vendor\SharpMss32\SharpMss32\SharpMss32.csproj", "{E8D0B671-3AB1-48B6-A767-58DF67BD5D11}"
EndProject
Project("{FAE04EC0-301F-11D3-BF4B-00C04F79EFBC}") = "PCK-Studio-Updater", "PCK-Studio-Updater\PCK-Studio-Updater.csproj", "{5B223556-15B9-41DA-AA0B-5E7F45E743BF}"
EndProject
Project("{FAE04EC0-301F-11D3-BF4B-00C04F79EFBC}") = "PCK-Studio-Publisher", "PCK-Studio-Publisher\PCK-Studio-Publisher.csproj", "{D6C6C470-B522-46D9-8980-F5D2068DEB22}"
EndProject
Global
	GlobalSection(SolutionConfigurationPlatforms) = preSolution
		Beta|Any CPU = Beta|Any CPU
		Beta|x64 = Beta|x64
		Beta|x86 = Beta|x86
		Debug|Any CPU = Debug|Any CPU
		Debug|x64 = Debug|x64
		Debug|x86 = Debug|x86
		Release|Any CPU = Release|Any CPU
		Release|x64 = Release|x64
		Release|x86 = Release|x86
	EndGlobalSection
	GlobalSection(ProjectConfigurationPlatforms) = postSolution
		{0ACAAEDE-93F5-4B5D-B8D7-A0C43359C0D6}.Beta|Any CPU.ActiveCfg = Beta|Any CPU
		{0ACAAEDE-93F5-4B5D-B8D7-A0C43359C0D6}.Beta|Any CPU.Build.0 = Beta|Any CPU
		{0ACAAEDE-93F5-4B5D-B8D7-A0C43359C0D6}.Beta|x64.ActiveCfg = Beta|Any CPU
		{0ACAAEDE-93F5-4B5D-B8D7-A0C43359C0D6}.Beta|x64.Build.0 = Beta|Any CPU
		{0ACAAEDE-93F5-4B5D-B8D7-A0C43359C0D6}.Beta|x86.ActiveCfg = Beta|Any CPU
		{0ACAAEDE-93F5-4B5D-B8D7-A0C43359C0D6}.Beta|x86.Build.0 = Beta|Any CPU
		{0ACAAEDE-93F5-4B5D-B8D7-A0C43359C0D6}.Debug|Any CPU.ActiveCfg = Debug|Any CPU
		{0ACAAEDE-93F5-4B5D-B8D7-A0C43359C0D6}.Debug|Any CPU.Build.0 = Debug|Any CPU
		{0ACAAEDE-93F5-4B5D-B8D7-A0C43359C0D6}.Debug|x64.ActiveCfg = Debug|Any CPU
		{0ACAAEDE-93F5-4B5D-B8D7-A0C43359C0D6}.Debug|x64.Build.0 = Debug|Any CPU
		{0ACAAEDE-93F5-4B5D-B8D7-A0C43359C0D6}.Debug|x86.ActiveCfg = Debug|Any CPU
		{0ACAAEDE-93F5-4B5D-B8D7-A0C43359C0D6}.Debug|x86.Build.0 = Debug|Any CPU
		{0ACAAEDE-93F5-4B5D-B8D7-A0C43359C0D6}.Release|Any CPU.ActiveCfg = Release|Any CPU
		{0ACAAEDE-93F5-4B5D-B8D7-A0C43359C0D6}.Release|Any CPU.Build.0 = Release|Any CPU
		{0ACAAEDE-93F5-4B5D-B8D7-A0C43359C0D6}.Release|x64.ActiveCfg = Release|Any CPU
		{0ACAAEDE-93F5-4B5D-B8D7-A0C43359C0D6}.Release|x64.Build.0 = Release|Any CPU
		{0ACAAEDE-93F5-4B5D-B8D7-A0C43359C0D6}.Release|x86.ActiveCfg = Release|Any CPU
		{0ACAAEDE-93F5-4B5D-B8D7-A0C43359C0D6}.Release|x86.Build.0 = Release|Any CPU
		{693AEBC1-293D-4DF0-BCAE-26A1099FE7BB}.Beta|Any CPU.ActiveCfg = Release|Any CPU
		{693AEBC1-293D-4DF0-BCAE-26A1099FE7BB}.Beta|Any CPU.Build.0 = Release|Any CPU
		{693AEBC1-293D-4DF0-BCAE-26A1099FE7BB}.Beta|x64.ActiveCfg = Release|Any CPU
		{693AEBC1-293D-4DF0-BCAE-26A1099FE7BB}.Beta|x64.Build.0 = Release|Any CPU
		{693AEBC1-293D-4DF0-BCAE-26A1099FE7BB}.Beta|x86.ActiveCfg = Release|Any CPU
		{693AEBC1-293D-4DF0-BCAE-26A1099FE7BB}.Beta|x86.Build.0 = Release|Any CPU
		{693AEBC1-293D-4DF0-BCAE-26A1099FE7BB}.Debug|Any CPU.ActiveCfg = Debug|Any CPU
		{693AEBC1-293D-4DF0-BCAE-26A1099FE7BB}.Debug|Any CPU.Build.0 = Debug|Any CPU
		{693AEBC1-293D-4DF0-BCAE-26A1099FE7BB}.Debug|x64.ActiveCfg = Debug|Any CPU
		{693AEBC1-293D-4DF0-BCAE-26A1099FE7BB}.Debug|x64.Build.0 = Debug|Any CPU
		{693AEBC1-293D-4DF0-BCAE-26A1099FE7BB}.Debug|x86.ActiveCfg = Debug|Any CPU
		{693AEBC1-293D-4DF0-BCAE-26A1099FE7BB}.Debug|x86.Build.0 = Debug|Any CPU
		{693AEBC1-293D-4DF0-BCAE-26A1099FE7BB}.Release|Any CPU.ActiveCfg = Release|Any CPU
		{693AEBC1-293D-4DF0-BCAE-26A1099FE7BB}.Release|Any CPU.Build.0 = Release|Any CPU
		{693AEBC1-293D-4DF0-BCAE-26A1099FE7BB}.Release|x64.ActiveCfg = Release|Any CPU
		{693AEBC1-293D-4DF0-BCAE-26A1099FE7BB}.Release|x64.Build.0 = Release|Any CPU
		{693AEBC1-293D-4DF0-BCAE-26A1099FE7BB}.Release|x86.ActiveCfg = Release|Any CPU
		{693AEBC1-293D-4DF0-BCAE-26A1099FE7BB}.Release|x86.Build.0 = Release|Any CPU
		{E8D0B671-3AB1-48B6-A767-58DF67BD5D11}.Beta|Any CPU.ActiveCfg = Release|Any CPU
		{E8D0B671-3AB1-48B6-A767-58DF67BD5D11}.Beta|Any CPU.Build.0 = Release|Any CPU
		{E8D0B671-3AB1-48B6-A767-58DF67BD5D11}.Beta|x64.ActiveCfg = Release|Any CPU
		{E8D0B671-3AB1-48B6-A767-58DF67BD5D11}.Beta|x64.Build.0 = Release|Any CPU
		{E8D0B671-3AB1-48B6-A767-58DF67BD5D11}.Beta|x86.ActiveCfg = Release|Any CPU
		{E8D0B671-3AB1-48B6-A767-58DF67BD5D11}.Beta|x86.Build.0 = Release|Any CPU
		{E8D0B671-3AB1-48B6-A767-58DF67BD5D11}.Debug|Any CPU.ActiveCfg = Debug|Any CPU
		{E8D0B671-3AB1-48B6-A767-58DF67BD5D11}.Debug|Any CPU.Build.0 = Debug|Any CPU
		{E8D0B671-3AB1-48B6-A767-58DF67BD5D11}.Debug|x64.ActiveCfg = Debug|Any CPU
		{E8D0B671-3AB1-48B6-A767-58DF67BD5D11}.Debug|x64.Build.0 = Debug|Any CPU
		{E8D0B671-3AB1-48B6-A767-58DF67BD5D11}.Debug|x86.ActiveCfg = Debug|Any CPU
		{E8D0B671-3AB1-48B6-A767-58DF67BD5D11}.Debug|x86.Build.0 = Debug|Any CPU
		{E8D0B671-3AB1-48B6-A767-58DF67BD5D11}.Release|Any CPU.ActiveCfg = Release|Any CPU
		{E8D0B671-3AB1-48B6-A767-58DF67BD5D11}.Release|Any CPU.Build.0 = Release|Any CPU
		{E8D0B671-3AB1-48B6-A767-58DF67BD5D11}.Release|x64.ActiveCfg = Release|Any CPU
		{E8D0B671-3AB1-48B6-A767-58DF67BD5D11}.Release|x64.Build.0 = Release|Any CPU
		{E8D0B671-3AB1-48B6-A767-58DF67BD5D11}.Release|x86.ActiveCfg = Release|Any CPU
		{E8D0B671-3AB1-48B6-A767-58DF67BD5D11}.Release|x86.Build.0 = Release|Any CPU
		{5B223556-15B9-41DA-AA0B-5E7F45E743BF}.Beta|Any CPU.ActiveCfg = Debug|Any CPU
		{5B223556-15B9-41DA-AA0B-5E7F45E743BF}.Beta|Any CPU.Build.0 = Debug|Any CPU
		{5B223556-15B9-41DA-AA0B-5E7F45E743BF}.Beta|x64.ActiveCfg = Debug|Any CPU
		{5B223556-15B9-41DA-AA0B-5E7F45E743BF}.Beta|x64.Build.0 = Debug|Any CPU
		{5B223556-15B9-41DA-AA0B-5E7F45E743BF}.Beta|x86.ActiveCfg = Debug|Any CPU
		{5B223556-15B9-41DA-AA0B-5E7F45E743BF}.Beta|x86.Build.0 = Debug|Any CPU
		{5B223556-15B9-41DA-AA0B-5E7F45E743BF}.Debug|Any CPU.ActiveCfg = Debug|Any CPU
		{5B223556-15B9-41DA-AA0B-5E7F45E743BF}.Debug|Any CPU.Build.0 = Debug|Any CPU
		{5B223556-15B9-41DA-AA0B-5E7F45E743BF}.Debug|x64.ActiveCfg = Debug|Any CPU
		{5B223556-15B9-41DA-AA0B-5E7F45E743BF}.Debug|x64.Build.0 = Debug|Any CPU
		{5B223556-15B9-41DA-AA0B-5E7F45E743BF}.Debug|x86.ActiveCfg = Debug|Any CPU
		{5B223556-15B9-41DA-AA0B-5E7F45E743BF}.Debug|x86.Build.0 = Debug|Any CPU
		{5B223556-15B9-41DA-AA0B-5E7F45E743BF}.Release|Any CPU.ActiveCfg = Release|Any CPU
		{5B223556-15B9-41DA-AA0B-5E7F45E743BF}.Release|Any CPU.Build.0 = Release|Any CPU
		{5B223556-15B9-41DA-AA0B-5E7F45E743BF}.Release|x64.ActiveCfg = Release|Any CPU
		{5B223556-15B9-41DA-AA0B-5E7F45E743BF}.Release|x64.Build.0 = Release|Any CPU
		{5B223556-15B9-41DA-AA0B-5E7F45E743BF}.Release|x86.ActiveCfg = Release|Any CPU
		{5B223556-15B9-41DA-AA0B-5E7F45E743BF}.Release|x86.Build.0 = Release|Any CPU
		{D6C6C470-B522-46D9-8980-F5D2068DEB22}.Beta|Any CPU.ActiveCfg = Debug|Any CPU
		{D6C6C470-B522-46D9-8980-F5D2068DEB22}.Beta|Any CPU.Build.0 = Debug|Any CPU
		{D6C6C470-B522-46D9-8980-F5D2068DEB22}.Beta|x64.ActiveCfg = Debug|Any CPU
		{D6C6C470-B522-46D9-8980-F5D2068DEB22}.Beta|x64.Build.0 = Debug|Any CPU
		{D6C6C470-B522-46D9-8980-F5D2068DEB22}.Beta|x86.ActiveCfg = Debug|Any CPU
		{D6C6C470-B522-46D9-8980-F5D2068DEB22}.Beta|x86.Build.0 = Debug|Any CPU
		{D6C6C470-B522-46D9-8980-F5D2068DEB22}.Debug|Any CPU.ActiveCfg = Debug|Any CPU
		{D6C6C470-B522-46D9-8980-F5D2068DEB22}.Debug|Any CPU.Build.0 = Debug|Any CPU
		{D6C6C470-B522-46D9-8980-F5D2068DEB22}.Debug|x64.ActiveCfg = Debug|Any CPU
		{D6C6C470-B522-46D9-8980-F5D2068DEB22}.Debug|x64.Build.0 = Debug|Any CPU
		{D6C6C470-B522-46D9-8980-F5D2068DEB22}.Debug|x86.ActiveCfg = Debug|Any CPU
		{D6C6C470-B522-46D9-8980-F5D2068DEB22}.Debug|x86.Build.0 = Debug|Any CPU
		{D6C6C470-B522-46D9-8980-F5D2068DEB22}.Release|Any CPU.ActiveCfg = Release|Any CPU
		{D6C6C470-B522-46D9-8980-F5D2068DEB22}.Release|Any CPU.Build.0 = Release|Any CPU
		{D6C6C470-B522-46D9-8980-F5D2068DEB22}.Release|x64.ActiveCfg = Release|Any CPU
		{D6C6C470-B522-46D9-8980-F5D2068DEB22}.Release|x64.Build.0 = Release|Any CPU
		{D6C6C470-B522-46D9-8980-F5D2068DEB22}.Release|x86.ActiveCfg = Release|Any CPU
		{D6C6C470-B522-46D9-8980-F5D2068DEB22}.Release|x86.Build.0 = Release|Any CPU
	EndGlobalSection
	GlobalSection(SolutionProperties) = preSolution
		HideSolutionNode = FALSE
	EndGlobalSection
	GlobalSection(NestedProjects) = preSolution
		{693AEBC1-293D-4DF0-BCAE-26A1099FE7BB} = {FC87F3E5-B07E-4FFB-889F-66FA3A3CFCAA}
		{E8D0B671-3AB1-48B6-A767-58DF67BD5D11} = {FC87F3E5-B07E-4FFB-889F-66FA3A3CFCAA}
	EndGlobalSection
	GlobalSection(ExtensibilityGlobals) = postSolution
		SolutionGuid = {9A3BF1FB-950F-401E-9F58-EA7BBADCE6F2}
	EndGlobalSection
EndGlobal
