
Microsoft Visual Studio Solution File, Format Version 12.00
# Visual Studio Version 17
VisualStudioVersion = 17.1.32414.318
MinimumVisualStudioVersion = 10.0.40219.1
Project("{FAE04EC0-301F-11D3-BF4B-00C04F79EFBC}") = "PckStudio", "PCK-Studio\PckStudio.csproj", "{0ACAAEDE-93F5-4B5D-B8D7-A0C43359C0D6}"
EndProject
Project("{2150E333-8FDC-42A3-9474-1A3956D46DE8}") = "Vendor", "Vendor", "{FC87F3E5-B07E-4FFB-889F-66FA3A3CFCAA}"
EndProject
Project("{FAE04EC0-301F-11D3-BF4B-00C04F79EFBC}") = "OMI Filetype Library", "Vendor\OMI-Lib\OMI Filetypes Library\OMI Filetype Library.csproj", "{693AEBC1-293D-4DF0-BCAE-26A1099FE7BB}"
EndProject
Project("{FAE04EC0-301F-11D3-BF4B-00C04F79EFBC}") = "CBH-WinForm-Theme-NET-", "Vendor\CrEaTiiOn-Brotherhood-Theme-Library-Net\CBH-WinForm-Theme-NET\CBH-WinForm-Theme-NET-.csproj", "{4F287251-7F2A-4B47-9102-4A1AABD41F20}"
EndProject
Global
	GlobalSection(SolutionConfigurationPlatforms) = preSolution
		Debug|Any CPU = Debug|Any CPU
		Debug|x64 = Debug|x64
		Debug|x86 = Debug|x86
		Release|Any CPU = Release|Any CPU
		Release|x64 = Release|x64
		Release|x86 = Release|x86
		ReleasePortable|Any CPU = ReleasePortable|Any CPU
		ReleasePortable|x64 = ReleasePortable|x64
		ReleasePortable|x86 = ReleasePortable|x86
	EndGlobalSection
	GlobalSection(ProjectConfigurationPlatforms) = postSolution
		{0ACAAEDE-93F5-4B5D-B8D7-A0C43359C0D6}.Debug|Any CPU.ActiveCfg = Debug|Any CPU
		{0ACAAEDE-93F5-4B5D-B8D7-A0C43359C0D6}.Debug|Any CPU.Build.0 = Debug|Any CPU
		{0ACAAEDE-93F5-4B5D-B8D7-A0C43359C0D6}.Debug|x64.ActiveCfg = Debug|Any CPU
		{0ACAAEDE-93F5-4B5D-B8D7-A0C43359C0D6}.Debug|x64.Build.0 = Debug|Any CPU
		{0ACAAEDE-93F5-4B5D-B8D7-A0C43359C0D6}.Debug|x86.ActiveCfg = Debug|Any CPU
		{0ACAAEDE-93F5-4B5D-B8D7-A0C43359C0D6}.Debug|x86.Build.0 = Debug|Any CPU
		{0ACAAEDE-93F5-4B5D-B8D7-A0C43359C0D6}.Release|Any CPU.ActiveCfg = Release|Any CPU
		{0ACAAEDE-93F5-4B5D-B8D7-A0C43359C0D6}.Release|Any CPU.Build.0 = Release|Any CPU
		{0ACAAEDE-93F5-4B5D-B8D7-A0C43359C0D6}.Release|x64.ActiveCfg = Release|Any CPU
		{0ACAAEDE-93F5-4B5D-B8D7-A0C43359C0D6}.Release|x64.Build.0 = Release|Any CPU
		{0ACAAEDE-93F5-4B5D-B8D7-A0C43359C0D6}.Release|x86.ActiveCfg = Release|Any CPU
		{0ACAAEDE-93F5-4B5D-B8D7-A0C43359C0D6}.Release|x86.Build.0 = Release|Any CPU
		{0ACAAEDE-93F5-4B5D-B8D7-A0C43359C0D6}.ReleasePortable|Any CPU.ActiveCfg = ReleasePortable|Any CPU
		{0ACAAEDE-93F5-4B5D-B8D7-A0C43359C0D6}.ReleasePortable|Any CPU.Build.0 = ReleasePortable|Any CPU
		{0ACAAEDE-93F5-4B5D-B8D7-A0C43359C0D6}.ReleasePortable|x64.ActiveCfg = ReleasePortable|Any CPU
		{0ACAAEDE-93F5-4B5D-B8D7-A0C43359C0D6}.ReleasePortable|x64.Build.0 = ReleasePortable|Any CPU
		{0ACAAEDE-93F5-4B5D-B8D7-A0C43359C0D6}.ReleasePortable|x86.ActiveCfg = ReleasePortable|Any CPU
		{0ACAAEDE-93F5-4B5D-B8D7-A0C43359C0D6}.ReleasePortable|x86.Build.0 = ReleasePortable|Any CPU
		{693AEBC1-293D-4DF0-BCAE-26A1099FE7BB}.Debug|Any CPU.ActiveCfg = Debug|Any CPU
		{693AEBC1-293D-4DF0-BCAE-26A1099FE7BB}.Debug|Any CPU.Build.0 = Debug|Any CPU
		{693AEBC1-293D-4DF0-BCAE-26A1099FE7BB}.Debug|x64.ActiveCfg = Debug|Any CPU
		{693AEBC1-293D-4DF0-BCAE-26A1099FE7BB}.Debug|x64.Build.0 = Debug|Any CPU
		{693AEBC1-293D-4DF0-BCAE-26A1099FE7BB}.Debug|x86.ActiveCfg = Debug|Any CPU
		{693AEBC1-293D-4DF0-BCAE-26A1099FE7BB}.Debug|x86.Build.0 = Debug|Any CPU
		{693AEBC1-293D-4DF0-BCAE-26A1099FE7BB}.Release|Any CPU.ActiveCfg = Release|Any CPU
		{693AEBC1-293D-4DF0-BCAE-26A1099FE7BB}.Release|Any CPU.Build.0 = Release|Any CPU
		{693AEBC1-293D-4DF0-BCAE-26A1099FE7BB}.Release|x64.ActiveCfg = Release|Any CPU
		{693AEBC1-293D-4DF0-BCAE-26A1099FE7BB}.Release|x64.Build.0 = Release|Any CPU
		{693AEBC1-293D-4DF0-BCAE-26A1099FE7BB}.Release|x86.ActiveCfg = Release|Any CPU
		{693AEBC1-293D-4DF0-BCAE-26A1099FE7BB}.Release|x86.Build.0 = Release|Any CPU
		{693AEBC1-293D-4DF0-BCAE-26A1099FE7BB}.ReleasePortable|Any CPU.ActiveCfg = Release|Any CPU
		{693AEBC1-293D-4DF0-BCAE-26A1099FE7BB}.ReleasePortable|Any CPU.Build.0 = Release|Any CPU
		{693AEBC1-293D-4DF0-BCAE-26A1099FE7BB}.ReleasePortable|x64.ActiveCfg = Release|Any CPU
		{693AEBC1-293D-4DF0-BCAE-26A1099FE7BB}.ReleasePortable|x64.Build.0 = Release|Any CPU
		{693AEBC1-293D-4DF0-BCAE-26A1099FE7BB}.ReleasePortable|x86.ActiveCfg = Release|Any CPU
		{693AEBC1-293D-4DF0-BCAE-26A1099FE7BB}.ReleasePortable|x86.Build.0 = Release|Any CPU
		{4F287251-7F2A-4B47-9102-4A1AABD41F20}.Debug|Any CPU.ActiveCfg = Debug|Any CPU
		{4F287251-7F2A-4B47-9102-4A1AABD41F20}.Debug|Any CPU.Build.0 = Debug|Any CPU
		{4F287251-7F2A-4B47-9102-4A1AABD41F20}.Debug|x64.ActiveCfg = Debug|Any CPU
		{4F287251-7F2A-4B47-9102-4A1AABD41F20}.Debug|x64.Build.0 = Debug|Any CPU
		{4F287251-7F2A-4B47-9102-4A1AABD41F20}.Debug|x86.ActiveCfg = Debug|Any CPU
		{4F287251-7F2A-4B47-9102-4A1AABD41F20}.Debug|x86.Build.0 = Debug|Any CPU
		{4F287251-7F2A-4B47-9102-4A1AABD41F20}.Release|Any CPU.ActiveCfg = Release|Any CPU
		{4F287251-7F2A-4B47-9102-4A1AABD41F20}.Release|Any CPU.Build.0 = Release|Any CPU
		{4F287251-7F2A-4B47-9102-4A1AABD41F20}.Release|x64.ActiveCfg = Release|Any CPU
		{4F287251-7F2A-4B47-9102-4A1AABD41F20}.Release|x64.Build.0 = Release|Any CPU
		{4F287251-7F2A-4B47-9102-4A1AABD41F20}.Release|x86.ActiveCfg = Release|Any CPU
		{4F287251-7F2A-4B47-9102-4A1AABD41F20}.Release|x86.Build.0 = Release|Any CPU
		{4F287251-7F2A-4B47-9102-4A1AABD41F20}.ReleasePortable|Any CPU.ActiveCfg = Release|Any CPU
		{4F287251-7F2A-4B47-9102-4A1AABD41F20}.ReleasePortable|Any CPU.Build.0 = Release|Any CPU
		{4F287251-7F2A-4B47-9102-4A1AABD41F20}.ReleasePortable|x64.ActiveCfg = Release|Any CPU
		{4F287251-7F2A-4B47-9102-4A1AABD41F20}.ReleasePortable|x64.Build.0 = Release|Any CPU
		{4F287251-7F2A-4B47-9102-4A1AABD41F20}.ReleasePortable|x86.ActiveCfg = Release|Any CPU
		{4F287251-7F2A-4B47-9102-4A1AABD41F20}.ReleasePortable|x86.Build.0 = Release|Any CPU
	EndGlobalSection
	GlobalSection(SolutionProperties) = preSolution
		HideSolutionNode = FALSE
	EndGlobalSection
	GlobalSection(NestedProjects) = preSolution
		{693AEBC1-293D-4DF0-BCAE-26A1099FE7BB} = {FC87F3E5-B07E-4FFB-889F-66FA3A3CFCAA}
		{4F287251-7F2A-4B47-9102-4A1AABD41F20} = {FC87F3E5-B07E-4FFB-889F-66FA3A3CFCAA}
	EndGlobalSection
	GlobalSection(ExtensibilityGlobals) = postSolution
		SolutionGuid = {9A3BF1FB-950F-401E-9F58-EA7BBADCE6F2}
	EndGlobalSection
EndGlobal
